
Microsoft Visual Studio Solution File, Format Version 11.00
# Visual Studio 2010
Project("{FAE04EC0-301F-11D3-BF4B-00C04F79EFBC}") = "Web", "Web\Web.csproj", "{2FCBDDA6-A8CD-481F-B3C3-06CFFDB5C132}"
EndProject
Project("{FAE04EC0-301F-11D3-BF4B-00C04F79EFBC}") = "Wlniao", "Wlniao\Wlniao.csproj", "{905F71FA-666D-4C90-A7A4-08E30D6F5BCF}"
EndProject
Project("{FAE04EC0-301F-11D3-BF4B-00C04F79EFBC}") = "Wlniao.Model", "Wlniao.Model\Wlniao.Model.csproj", "{0A9CA0D6-5105-473A-99FD-96902D5B02EB}"
EndProject
Global
	GlobalSection(SolutionConfigurationPlatforms) = preSolution
		Debug|Any CPU = Debug|Any CPU
		Debug|Mixed Platforms = Debug|Mixed Platforms
		Debug|x86 = Debug|x86
		Release|Any CPU = Release|Any CPU
		Release|Mixed Platforms = Release|Mixed Platforms
		Release|x86 = Release|x86
	EndGlobalSection
	GlobalSection(ProjectConfigurationPlatforms) = postSolution
		{2FCBDDA6-A8CD-481F-B3C3-06CFFDB5C132}.Debug|Any CPU.ActiveCfg = Debug|Any CPU
		{2FCBDDA6-A8CD-481F-B3C3-06CFFDB5C132}.Debug|Any CPU.Build.0 = Debug|Any CPU
		{2FCBDDA6-A8CD-481F-B3C3-06CFFDB5C132}.Debug|Mixed Platforms.ActiveCfg = Debug|Any CPU
		{2FCBDDA6-A8CD-481F-B3C3-06CFFDB5C132}.Debug|Mixed Platforms.Build.0 = Debug|Any CPU
		{2FCBDDA6-A8CD-481F-B3C3-06CFFDB5C132}.Debug|x86.ActiveCfg = Debug|Any CPU
		{2FCBDDA6-A8CD-481F-B3C3-06CFFDB5C132}.Release|Any CPU.ActiveCfg = Release|Any CPU
		{2FCBDDA6-A8CD-481F-B3C3-06CFFDB5C132}.Release|Any CPU.Build.0 = Release|Any CPU
		{2FCBDDA6-A8CD-481F-B3C3-06CFFDB5C132}.Release|Mixed Platforms.ActiveCfg = Release|Any CPU
		{2FCBDDA6-A8CD-481F-B3C3-06CFFDB5C132}.Release|Mixed Platforms.Build.0 = Release|Any CPU
		{2FCBDDA6-A8CD-481F-B3C3-06CFFDB5C132}.Release|x86.ActiveCfg = Release|Any CPU
		{905F71FA-666D-4C90-A7A4-08E30D6F5BCF}.Debug|Any CPU.ActiveCfg = Debug|Any CPU
		{905F71FA-666D-4C90-A7A4-08E30D6F5BCF}.Debug|Any CPU.Build.0 = Debug|Any CPU
		{905F71FA-666D-4C90-A7A4-08E30D6F5BCF}.Debug|Mixed Platforms.ActiveCfg = Debug|Any CPU
		{905F71FA-666D-4C90-A7A4-08E30D6F5BCF}.Debug|Mixed Platforms.Build.0 = Debug|Any CPU
		{905F71FA-666D-4C90-A7A4-08E30D6F5BCF}.Debug|x86.ActiveCfg = Debug|Any CPU
		{905F71FA-666D-4C90-A7A4-08E30D6F5BCF}.Release|Any CPU.ActiveCfg = Release|Any CPU
		{905F71FA-666D-4C90-A7A4-08E30D6F5BCF}.Release|Any CPU.Build.0 = Release|Any CPU
		{905F71FA-666D-4C90-A7A4-08E30D6F5BCF}.Release|Mixed Platforms.ActiveCfg = Release|Any CPU
		{905F71FA-666D-4C90-A7A4-08E30D6F5BCF}.Release|Mixed Platforms.Build.0 = Release|Any CPU
		{905F71FA-666D-4C90-A7A4-08E30D6F5BCF}.Release|x86.ActiveCfg = Release|Any CPU
		{0A9CA0D6-5105-473A-99FD-96902D5B02EB}.Debug|Any CPU.ActiveCfg = Debug|Any CPU
		{0A9CA0D6-5105-473A-99FD-96902D5B02EB}.Debug|Any CPU.Build.0 = Debug|Any CPU
		{0A9CA0D6-5105-473A-99FD-96902D5B02EB}.Debug|Mixed Platforms.ActiveCfg = Debug|Any CPU
		{0A9CA0D6-5105-473A-99FD-96902D5B02EB}.Debug|Mixed Platforms.Build.0 = Debug|Any CPU
		{0A9CA0D6-5105-473A-99FD-96902D5B02EB}.Debug|x86.ActiveCfg = Debug|Any CPU
		{0A9CA0D6-5105-473A-99FD-96902D5B02EB}.Release|Any CPU.ActiveCfg = Release|Any CPU
		{0A9CA0D6-5105-473A-99FD-96902D5B02EB}.Release|Any CPU.Build.0 = Release|Any CPU
		{0A9CA0D6-5105-473A-99FD-96902D5B02EB}.Release|Mixed Platforms.ActiveCfg = Release|Any CPU
		{0A9CA0D6-5105-473A-99FD-96902D5B02EB}.Release|Mixed Platforms.Build.0 = Release|Any CPU
		{0A9CA0D6-5105-473A-99FD-96902D5B02EB}.Release|x86.ActiveCfg = Release|Any CPU
	EndGlobalSection
	GlobalSection(SolutionProperties) = preSolution
		HideSolutionNode = FALSE
	EndGlobalSection
EndGlobal
